<?xml version="1.0" encoding="utf-8"?>
<Project ToolsVersion="4.0" xmlns="http://schemas.microsoft.com/developer/msbuild/2003">
  <ItemGroup>
    <Filter Include="Source">
      <UniqueIdentifier>{4FC737F1-C7A5-4376-A066-2A32D752A2FF}</UniqueIdentifier>
      <Extensions>cpp;c;cc;cxx;c++;cppm;ixx;def;odl;idl;hpj;bat;asm;asmx</Extensions>
    </Filter>
    <Filter Include="Shaders">
      <UniqueIdentifier>{92ff171e-9fae-4aa8-a737-0859d431d683}</UniqueIdentifier>
    </Filter>
    <Filter Include="Materials">
      <UniqueIdentifier>{70a27b04-8cbc-4cd3-baeb-d70714d0f612}</UniqueIdentifier>
    </Filter>
    <Filter Include="Scenes">
      <UniqueIdentifier>{67953870-1443-4a02-9cd0-e3be8255fc10}</UniqueIdentifier>
    </Filter>
    <Filter Include="Shaders\Cubemaps">
      <UniqueIdentifier>{b8d4fade-1c80-415c-9c5a-d6a8f48a167a}</UniqueIdentifier>
    </Filter>
  </ItemGroup>
  <ItemGroup>
    <ClCompile Include="Main.cpp">
      <Filter>Source</Filter>
    </ClCompile>
    <ClCompile Include="World01.cpp">
      <Filter>Source</Filter>
    </ClCompile>
    <ClCompile Include="World02.cpp">
      <Filter>Source</Filter>
    </ClCompile>
    <ClCompile Include="World03.cpp">
      <Filter>Source</Filter>
    </ClCompile>
    <ClCompile Include="World04.cpp">
      <Filter>Source</Filter>
    </ClCompile>
    <ClCompile Include="test.cpp">
      <Filter>Source</Filter>
    </ClCompile>
    <ClCompile Include="World05.cpp">
      <Filter>Source</Filter>
    </ClCompile>
  </ItemGroup>
  <ItemGroup>
    <ClInclude Include="World01.h">
      <Filter>Source</Filter>
    </ClInclude>
    <ClInclude Include="World02.h">
      <Filter>Source</Filter>
    </ClInclude>
    <ClInclude Include="World03.h">
      <Filter>Source</Filter>
    </ClInclude>
    <ClInclude Include="World04.h">
      <Filter>Source</Filter>
    </ClInclude>
    <ClInclude Include="World05.h">
      <Filter>Source</Filter>
    </ClInclude>
  </ItemGroup>
  <ItemGroup>
    <None Include="..\..\Build\Assets\Shaders\unlit_color.frag">
      <Filter>Shaders</Filter>
    </None>
    <None Include="..\..\Build\Assets\Shaders\unlit_color.prog">
      <Filter>Shaders</Filter>
    </None>
    <None Include="..\..\Build\Assets\Shaders\unlit_color.vert">
      <Filter>Shaders</Filter>
    </None>
    <None Include="..\..\Build\Assets\Shaders\unlit_texture.frag">
      <Filter>Shaders</Filter>
    </None>
    <None Include="..\..\Build\Assets\Shaders\unlit_texture.prog">
      <Filter>Shaders</Filter>
    </None>
    <None Include="..\..\Build\Assets\Shaders\unlit_texture.vert">
      <Filter>Shaders</Filter>
    </None>
    <None Include="..\..\Build\Assets\Shaders\unlit_multi_texture.frag">
      <Filter>Shaders</Filter>
    </None>
    <None Include="..\..\Build\Assets\Shaders\unlit_multi_texture.prog">
      <Filter>Shaders</Filter>
    </None>
    <None Include="..\..\Build\Assets\Shaders\lit_texture.prog">
      <Filter>Shaders</Filter>
    </None>
    <None Include="..\..\Build\Assets\Shaders\lit_texture.vert">
      <Filter>Shaders</Filter>
    </None>
    <None Include="..\..\Build\Assets\Shaders\lit_texture.frag">
      <Filter>Shaders</Filter>
    </None>
    <None Include="..\..\Build\Assets\Shaders\multi_lit_texture.vert">
      <Filter>Shaders</Filter>
    </None>
    <None Include="..\..\Build\Assets\Shaders\multi_lit_texture.frag">
      <Filter>Shaders</Filter>
    </None>
    <None Include="..\..\Build\Assets\Shaders\multi_lit_texture.prog">
      <Filter>Shaders</Filter>
    </None>
    <None Include="..\..\Build\Assets\Materials\multi_grid.mtrl">
      <Filter>Materials</Filter>
    </None>
    <None Include="..\..\Build\Assets\Shaders\lit_phong.vert">
      <Filter>Shaders</Filter>
    </None>
    <None Include="..\..\Build\Assets\Shaders\lit_phong.frag">
      <Filter>Shaders</Filter>
    </None>
    <None Include="..\..\Build\Assets\Shaders\lit_phong.prog">
      <Filter>Shaders</Filter>
    </None>
    <None Include="..\..\Build\Assets\Materials\phong.mtrl">
      <Filter>Materials</Filter>
    </None>
    <None Include="..\..\Build\Assets\Scenes\scene.json">
      <Filter>Scenes</Filter>
    </None>
    <None Include="..\..\Build\Assets\Materials\squirrel.mtrl">
      <Filter>Materials</Filter>
    </None>
    <None Include="..\..\Build\Assets\Shaders\lit_phong_normal.prog">
      <Filter>Shaders</Filter>
    </None>
    <None Include="..\..\Build\Assets\Shaders\lit_phong_normal.vert">
      <Filter>Shaders</Filter>
    </None>
    <None Include="..\..\Build\Assets\Shaders\lit_phong_normal.frag">
      <Filter>Shaders</Filter>
    </None>
    <None Include="..\..\Build\Assets\Materials\ogre.mtrl">
      <Filter>Materials</Filter>
    </None>
    <None Include="..\..\Build\Assets\Materials\skybox.mtrl">
      <Filter>Materials</Filter>
    </None>
    <None Include="..\..\Build\Assets\Shaders\skybox.prog">
      <Filter>Shaders\Cubemaps</Filter>
    </None>
    <None Include="..\..\Build\Assets\Shaders\cubemap.frag">
      <Filter>Shaders\Cubemaps</Filter>
    </None>
    <None Include="..\..\Build\Assets\Shaders\skybox.vert">
      <Filter>Shaders\Cubemaps</Filter>
    </None>
    <None Include="..\..\Build\Assets\Scenes\test.json">
      <Filter>Scenes</Filter>
    </None>
    <None Include="..\..\Build\Assets\Shaders\reflection.vert">
      <Filter>Shaders\Cubemaps</Filter>
    </None>
    <None Include="..\..\Build\Assets\Shaders\reflection.prog">
      <Filter>Shaders\Cubemaps</Filter>
    </None>
    <None Include="..\..\Build\Assets\Materials\reflection.mtrl">
      <Filter>Materials</Filter>
    </None>
    <None Include="..\..\Build\Assets\Materials\refraction.mtrl">
      <Filter>Materials</Filter>
    </None>
    <None Include="..\..\Build\Assets\Shaders\refraction.prog">
      <Filter>Shaders\Cubemaps</Filter>
    </None>
    <None Include="..\..\Build\Assets\Shaders\refraction.vert">
      <Filter>Shaders\Cubemaps</Filter>
    </None>
    <None Include="..\..\Build\Assets\Materials\test.mtrl">
      <Filter>Materials</Filter>
    </None>
    <None Include="..\..\Build\Assets\Scenes\myscene.json">
      <Filter>Scenes</Filter>
    </None>
    <None Include="..\..\Build\Assets\Materials\shiba.mtrl">
      <Filter>Materials</Filter>
    </None>
    <None Include="..\..\Build\Assets\Materials\mybox.mtrl">
      <Filter>Materials</Filter>
    </None>
    <None Include="..\..\Build\Assets\Scenes\ogrescene.json">
      <Filter>Scenes</Filter>
    </None>
    <None Include="..\..\Build\Assets\Materials\mirrorshiba.mtrl">
      <Filter>Materials</Filter>
    </None>
    <None Include="..\..\Build\Assets\Materials\watershiba.mtrl">
      <Filter>Materials</Filter>
    </None>
  </ItemGroup>
</Project>